// !$*UTF8*$!
{
	archiveVersion = 1;
	classes = {
	};
	objectVersion = 46;
	objects = {

/* Begin PBXBuildFile section */
		1931FFD61C2AA91900AA1812 /* bullet.png in Resources */ = {isa = PBXBuildFile; fileRef = 1931FFD51C2AA91900AA1812 /* bullet.png */; };
		193654BD1C2BAE7E004A2EDA /* boom.png in Resources */ = {isa = PBXBuildFile; fileRef = 193654BC1C2BAE7E004A2EDA /* boom.png */; };
		193654C11C2BD21F004A2EDA /* monster.png in Resources */ = {isa = PBXBuildFile; fileRef = 193654C01C2BD21F004A2EDA /* monster.png */; };
		193654C31C2BD6E8004A2EDA /* ship.png in Resources */ = {isa = PBXBuildFile; fileRef = 193654C21C2BD6E8004A2EDA /* ship.png */; };
		19791A8B1C290FCF00E3B2A6 /* main.m in Sources */ = {isa = PBXBuildFile; fileRef = 19791A8A1C290FCF00E3B2A6 /* main.m */; };
		19791A8E1C290FCF00E3B2A6 /* AppDelegate.m in Sources */ = {isa = PBXBuildFile; fileRef = 19791A8D1C290FCF00E3B2A6 /* AppDelegate.m */; };
		19791A911C290FCF00E3B2A6 /* Asn2.xcdatamodeld in Sources */ = {isa = PBXBuildFile; fileRef = 19791A8F1C290FCF00E3B2A6 /* Asn2.xcdatamodeld */; };
		19791A941C290FCF00E3B2A6 /* ViewController.m in Sources */ = {isa = PBXBuildFile; fileRef = 19791A931C290FCF00E3B2A6 /* ViewController.m */; };
		19791A971C290FCF00E3B2A6 /* Main.storyboard in Resources */ = {isa = PBXBuildFile; fileRef = 19791A951C290FCF00E3B2A6 /* Main.storyboard */; };
		19791A991C290FCF00E3B2A6 /* Images.xcassets in Resources */ = {isa = PBXBuildFile; fileRef = 19791A981C290FCF00E3B2A6 /* Images.xcassets */; };
		19791A9C1C290FCF00E3B2A6 /* LaunchScreen.xib in Resources */ = {isa = PBXBuildFile; fileRef = 19791A9A1C290FCF00E3B2A6 /* LaunchScreen.xib */; };
		19791AA81C290FCF00E3B2A6 /* Asn2Tests.m in Sources */ = {isa = PBXBuildFile; fileRef = 19791AA71C290FCF00E3B2A6 /* Asn2Tests.m */; };
		19791AB61C2910CE00E3B2A6 /* space1.png in Resources */ = {isa = PBXBuildFile; fileRef = 19791AB31C2910CE00E3B2A6 /* space1.png */; };
		19791ABB1C295CBA00E3B2A6 /* GameOverViewController.m in Sources */ = {isa = PBXBuildFile; fileRef = 19791ABA1C295CBA00E3B2A6 /* GameOverViewController.m */; };
/* End PBXBuildFile section */

/* Begin PBXContainerItemProxy section */
		19791AA21C290FCF00E3B2A6 /* PBXContainerItemProxy */ = {
			isa = PBXContainerItemProxy;
			containerPortal = 19791A7D1C290FCF00E3B2A6 /* Project object */;
			proxyType = 1;
			remoteGlobalIDString = 19791A841C290FCF00E3B2A6;
			remoteInfo = Asn2;
		};
/* End PBXContainerItemProxy section */

/* Begin PBXFileReference section */
		1931FFD51C2AA91900AA1812 /* bullet.png */ = {isa = PBXFileReference; lastKnownFileType = image.png; path = bullet.png; sourceTree = "<group>"; };
		193654BC1C2BAE7E004A2EDA /* boom.png */ = {isa = PBXFileReference; lastKnownFileType = image.png; path = boom.png; sourceTree = "<group>"; };
		193654C01C2BD21F004A2EDA /* monster.png */ = {isa = PBXFileReference; lastKnownFileType = image.png; path = monster.png; sourceTree = "<group>"; };
		193654C21C2BD6E8004A2EDA /* ship.png */ = {isa = PBXFileReference; lastKnownFileType = image.png; path = ship.png; sourceTree = "<group>"; };
		19791A851C290FCF00E3B2A6 /* Asn2.app */ = {isa = PBXFileReference; explicitFileType = wrapper.application; includeInIndex = 0; path = Asn2.app; sourceTree = BUILT_PRODUCTS_DIR; };
		19791A891C290FCF00E3B2A6 /* Info.plist */ = {isa = PBXFileReference; lastKnownFileType = text.plist.xml; path = Info.plist; sourceTree = "<group>"; };
		19791A8A1C290FCF00E3B2A6 /* main.m */ = {isa = PBXFileReference; lastKnownFileType = sourcecode.c.objc; path = main.m; sourceTree = "<group>"; };
		19791A8C1C290FCF00E3B2A6 /* AppDelegate.h */ = {isa = PBXFileReference; lastKnownFileType = sourcecode.c.h; path = AppDelegate.h; sourceTree = "<group>"; };
		19791A8D1C290FCF00E3B2A6 /* AppDelegate.m */ = {isa = PBXFileReference; lastKnownFileType = sourcecode.c.objc; path = AppDelegate.m; sourceTree = "<group>"; };
		19791A901C290FCF00E3B2A6 /* Asn2.xcdatamodel */ = {isa = PBXFileReference; lastKnownFileType = wrapper.xcdatamodel; path = Asn2.xcdatamodel; sourceTree = "<group>"; };
		19791A921C290FCF00E3B2A6 /* ViewController.h */ = {isa = PBXFileReference; lastKnownFileType = sourcecode.c.h; path = ViewController.h; sourceTree = "<group>"; };
		19791A931C290FCF00E3B2A6 /* ViewController.m */ = {isa = PBXFileReference; lastKnownFileType = sourcecode.c.objc; path = ViewController.m; sourceTree = "<group>"; };
		19791A961C290FCF00E3B2A6 /* Base */ = {isa = PBXFileReference; lastKnownFileType = file.storyboard; name = Base; path = Base.lproj/Main.storyboard; sourceTree = "<group>"; };
		19791A981C290FCF00E3B2A6 /* Images.xcassets */ = {isa = PBXFileReference; lastKnownFileType = folder.assetcatalog; path = Images.xcassets; sourceTree = "<group>"; };
		19791A9B1C290FCF00E3B2A6 /* Base */ = {isa = PBXFileReference; lastKnownFileType = file.xib; name = Base; path = Base.lproj/LaunchScreen.xib; sourceTree = "<group>"; };
		19791AA11C290FCF00E3B2A6 /* Asn2Tests.xctest */ = {isa = PBXFileReference; explicitFileType = wrapper.cfbundle; includeInIndex = 0; path = Asn2Tests.xctest; sourceTree = BUILT_PRODUCTS_DIR; };
		19791AA61C290FCF00E3B2A6 /* Info.plist */ = {isa = PBXFileReference; lastKnownFileType = text.plist.xml; path = Info.plist; sourceTree = "<group>"; };
		19791AA71C290FCF00E3B2A6 /* Asn2Tests.m */ = {isa = PBXFileReference; lastKnownFileType = sourcecode.c.objc; path = Asn2Tests.m; sourceTree = "<group>"; };
		19791AB31C2910CE00E3B2A6 /* space1.png */ = {isa = PBXFileReference; lastKnownFileType = image.png; path = space1.png; sourceTree = "<group>"; };
		19791AB91C295CBA00E3B2A6 /* GameOverViewController.h */ = {isa = PBXFileReference; fileEncoding = 4; lastKnownFileType = sourcecode.c.h; path = GameOverViewController.h; sourceTree = "<group>"; };
		19791ABA1C295CBA00E3B2A6 /* GameOverViewController.m */ = {isa = PBXFileReference; fileEncoding = 4; lastKnownFileType = sourcecode.c.objc; path = GameOverViewController.m; sourceTree = "<group>"; };
/* End PBXFileReference section */

/* Begin PBXFrameworksBuildPhase section */
		19791A821C290FCF00E3B2A6 /* Frameworks */ = {
			isa = PBXFrameworksBuildPhase;
			buildActionMask = 2147483647;
			files = (
			);
			runOnlyForDeploymentPostprocessing = 0;
		};
		19791A9E1C290FCF00E3B2A6 /* Frameworks */ = {
			isa = PBXFrameworksBuildPhase;
			buildActionMask = 2147483647;
			files = (
			);
			runOnlyForDeploymentPostprocessing = 0;
		};
/* End PBXFrameworksBuildPhase section */

/* Begin PBXGroup section */
		193654B71C2BA8B2004A2EDA /* Image */ = {
			isa = PBXGroup;
			children = (
				193654C21C2BD6E8004A2EDA /* ship.png */,
				193654C01C2BD21F004A2EDA /* monster.png */,
				193654BC1C2BAE7E004A2EDA /* boom.png */,
				1931FFD51C2AA91900AA1812 /* bullet.png */,
				19791AB31C2910CE00E3B2A6 /* space1.png */,
			);
			name = Image;
			sourceTree = "<group>";
		};
		19791A7C1C290FCF00E3B2A6 = {
			isa = PBXGroup;
			children = (
				19791A871C290FCF00E3B2A6 /* Asn2 */,
				19791AA41C290FCF00E3B2A6 /* Asn2Tests */,
				19791A861C290FCF00E3B2A6 /* Products */,
			);
			sourceTree = "<group>";
		};
		19791A861C290FCF00E3B2A6 /* Products */ = {
			isa = PBXGroup;
			children = (
				19791A851C290FCF00E3B2A6 /* Asn2.app */,
				19791AA11C290FCF00E3B2A6 /* Asn2Tests.xctest */,
			);
			name = Products;
			sourceTree = "<group>";
		};
		19791A871C290FCF00E3B2A6 /* Asn2 */ = {
			isa = PBXGroup;
			children = (
				193654B71C2BA8B2004A2EDA /* Image */,
				19791A8C1C290FCF00E3B2A6 /* AppDelegate.h */,
				19791A8D1C290FCF00E3B2A6 /* AppDelegate.m */,
				19791A921C290FCF00E3B2A6 /* ViewController.h */,
				19791A931C290FCF00E3B2A6 /* ViewController.m */,
				19791A951C290FCF00E3B2A6 /* Main.storyboard */,
				19791A981C290FCF00E3B2A6 /* Images.xcassets */,
				19791A9A1C290FCF00E3B2A6 /* LaunchScreen.xib */,
				19791A8F1C290FCF00E3B2A6 /* Asn2.xcdatamodeld */,
				19791A881C290FCF00E3B2A6 /* Supporting Files */,
				19791AB91C295CBA00E3B2A6 /* GameOverViewController.h */,
				19791ABA1C295CBA00E3B2A6 /* GameOverViewController.m */,
			);
			path = Asn2;
			sourceTree = "<group>";
		};
		19791A881C290FCF00E3B2A6 /* Supporting Files */ = {
			isa = PBXGroup;
			children = (
				19791A891C290FCF00E3B2A6 /* Info.plist */,
				19791A8A1C290FCF00E3B2A6 /* main.m */,
			);
			name = "Supporting Files";
			sourceTree = "<group>";
		};
		19791AA41C290FCF00E3B2A6 /* Asn2Tests */ = {
			isa = PBXGroup;
			children = (
				19791AA71C290FCF00E3B2A6 /* Asn2Tests.m */,
				19791AA51C290FCF00E3B2A6 /* Supporting Files */,
			);
			path = Asn2Tests;
			sourceTree = "<group>";
		};
		19791AA51C290FCF00E3B2A6 /* Supporting Files */ = {
			isa = PBXGroup;
			children = (
				19791AA61C290FCF00E3B2A6 /* Info.plist */,
			);
			name = "Supporting Files";
			sourceTree = "<group>";
		};
/* End PBXGroup section */

/* Begin PBXNativeTarget section */
		19791A841C290FCF00E3B2A6 /* Asn2 */ = {
			isa = PBXNativeTarget;
			buildConfigurationList = 19791AAB1C290FCF00E3B2A6 /* Build configuration list for PBXNativeTarget "Asn2" */;
			buildPhases = (
				19791A811C290FCF00E3B2A6 /* Sources */,
				19791A821C290FCF00E3B2A6 /* Frameworks */,
				19791A831C290FCF00E3B2A6 /* Resources */,
			);
			buildRules = (
			);
			dependencies = (
			);
			name = Asn2;
			productName = Asn2;
			productReference = 19791A851C290FCF00E3B2A6 /* Asn2.app */;
			productType = "com.apple.product-type.application";
		};
		19791AA01C290FCF00E3B2A6 /* Asn2Tests */ = {
			isa = PBXNativeTarget;
			buildConfigurationList = 19791AAE1C290FCF00E3B2A6 /* Build configuration list for PBXNativeTarget "Asn2Tests" */;
			buildPhases = (
				19791A9D1C290FCF00E3B2A6 /* Sources */,
				19791A9E1C290FCF00E3B2A6 /* Frameworks */,
				19791A9F1C290FCF00E3B2A6 /* Resources */,
			);
			buildRules = (
			);
			dependencies = (
				19791AA31C290FCF00E3B2A6 /* PBXTargetDependency */,
			);
			name = Asn2Tests;
			productName = Asn2Tests;
			productReference = 19791AA11C290FCF00E3B2A6 /* Asn2Tests.xctest */;
			productType = "com.apple.product-type.bundle.unit-test";
		};
/* End PBXNativeTarget section */

/* Begin PBXProject section */
		19791A7D1C290FCF00E3B2A6 /* Project object */ = {
			isa = PBXProject;
			attributes = {
				LastUpgradeCheck = 0640;
				ORGANIZATIONNAME = Z;
				TargetAttributes = {
					19791A841C290FCF00E3B2A6 = {
						CreatedOnToolsVersion = 6.4;
					};
					19791AA01C290FCF00E3B2A6 = {
						CreatedOnToolsVersion = 6.4;
						TestTargetID = 19791A841C290FCF00E3B2A6;
					};
				};
			};
			buildConfigurationList = 19791A801C290FCF00E3B2A6 /* Build configuration list for PBXProject "Asn2" */;
			compatibilityVersion = "Xcode 3.2";
			developmentRegion = English;
			hasScannedForEncodings = 0;
			knownRegions = (
				en,
				Base,
			);
			mainGroup = 19791A7C1C290FCF00E3B2A6;
			productRefGroup = 19791A861C290FCF00E3B2A6 /* Products */;
			projectDirPath = "";
			projectRoot = "";
			targets = (
				19791A841C290FCF00E3B2A6 /* Asn2 */,
				19791AA01C290FCF00E3B2A6 /* Asn2Tests */,
			);
		};
/* End PBXProject section */

/* Begin PBXResourcesBuildPhase section */
		19791A831C290FCF00E3B2A6 /* Resources */ = {
			isa = PBXResourcesBuildPhase;
			buildActionMask = 2147483647;
			files = (
				19791A971C290FCF00E3B2A6 /* Main.storyboard in Resources */,
				19791A9C1C290FCF00E3B2A6 /* LaunchScreen.xib in Resources */,
				193654C31C2BD6E8004A2EDA /* ship.png in Resources */,
				19791A991C290FCF00E3B2A6 /* Images.xcassets in Resources */,
				193654BD1C2BAE7E004A2EDA /* boom.png in Resources */,
				1931FFD61C2AA91900AA1812 /* bullet.png in Resources */,
				19791AB61C2910CE00E3B2A6 /* space1.png in Resources */,
				193654C11C2BD21F004A2EDA /* monster.png in Resources */,
			);
			runOnlyForDeploymentPostprocessing = 0;
		};
		19791A9F1C290FCF00E3B2A6 /* Resources */ = {
			isa = PBXResourcesBuildPhase;
			buildActionMask = 2147483647;
			files = (
			);
			runOnlyForDeploymentPostprocessing = 0;
		};
/* End PBXResourcesBuildPhase section */

/* Begin PBXSourcesBuildPhase section */
		19791A811C290FCF00E3B2A6 /* Sources */ = {
			isa = PBXSourcesBuildPhase;
			buildActionMask = 2147483647;
			files = (
				19791A8E1C290FCF00E3B2A6 /* AppDelegate.m in Sources */,
				19791A8B1C290FCF00E3B2A6 /* main.m in Sources */,
				19791A941C290FCF00E3B2A6 /* ViewController.m in Sources */,
				19791ABB1C295CBA00E3B2A6 /* GameOverViewController.m in Sources */,
				19791A911C290FCF00E3B2A6 /* Asn2.xcdatamodeld in Sources */,
			);
			runOnlyForDeploymentPostprocessing = 0;
		};
		19791A9D1C290FCF00E3B2A6 /* Sources */ = {
			isa = PBXSourcesBuildPhase;
			buildActionMask = 2147483647;
			files = (
				19791AA81C290FCF00E3B2A6 /* Asn2Tests.m in Sources */,
			);
			runOnlyForDeploymentPostprocessing = 0;
		};
/* End PBXSourcesBuildPhase section */

/* Begin PBXTargetDependency section */
		19791AA31C290FCF00E3B2A6 /* PBXTargetDependency */ = {
			isa = PBXTargetDependency;
			target = 19791A841C290FCF00E3B2A6 /* Asn2 */;
			targetProxy = 19791AA21C290FCF00E3B2A6 /* PBXContainerItemProxy */;
		};
/* End PBXTargetDependency section */

/* Begin PBXVariantGroup section */
		19791A951C290FCF00E3B2A6 /* Main.storyboard */ = {
			isa = PBXVariantGroup;
			children = (
				19791A961C290FCF00E3B2A6 /* Base */,
			);
			name = Main.storyboard;
			sourceTree = "<group>";
		};
		19791A9A1C290FCF00E3B2A6 /* LaunchScreen.xib */ = {
			isa = PBXVariantGroup;
			children = (
				19791A9B1C290FCF00E3B2A6 /* Base */,
			);
			name = LaunchScreen.xib;
			sourceTree = "<group>";
		};
/* End PBXVariantGroup section */

/* Begin XCBuildConfiguration section */
		19791AA91C290FCF00E3B2A6 /* Debug */ = {
			isa = XCBuildConfiguration;
			buildSettings = {
				ALWAYS_SEARCH_USER_PATHS = NO;
				CLANG_CXX_LANGUAGE_STANDARD = "gnu++0x";
				CLANG_CXX_LIBRARY = "libc++";
				CLANG_ENABLE_MODULES = YES;
				CLANG_ENABLE_OBJC_ARC = YES;
				CLANG_WARN_BOOL_CONVERSION = YES;
				CLANG_WARN_CONSTANT_CONVERSION = YES;
				CLANG_WARN_DIRECT_OBJC_ISA_USAGE = YES_ERROR;
				CLANG_WARN_EMPTY_BODY = YES;
				CLANG_WARN_ENUM_CONVERSION = YES;
				CLANG_WARN_INT_CONVERSION = YES;
				CLANG_WARN_OBJC_ROOT_CLASS = YES_ERROR;
				CLANG_WARN_UNREACHABLE_CODE = YES;
				CLANG_WARN__DUPLICATE_METHOD_MATCH = YES;
				"CODE_SIGN_IDENTITY[sdk=iphoneos*]" = "iPhone Developer";
				COPY_PHASE_STRIP = NO;
				DEBUG_INFORMATION_FORMAT = "dwarf-with-dsym";
				ENABLE_STRICT_OBJC_MSGSEND = YES;
				GCC_C_LANGUAGE_STANDARD = gnu99;
				GCC_DYNAMIC_NO_PIC = NO;
				GCC_NO_COMMON_BLOCKS = YES;
				GCC_OPTIMIZATION_LEVEL = 0;
				GCC_PREPROCESSOR_DEFINITIONS = (
					"DEBUG=1",
					"$(inherited)",
				);
				GCC_SYMBOLS_PRIVATE_EXTERN = NO;
				GCC_WARN_64_TO_32_BIT_CONVERSION = YES;
				GCC_WARN_ABOUT_RETURN_TYPE = YES_ERROR;
				GCC_WARN_UNDECLARED_SELECTOR = YES;
				GCC_WARN_UNINITIALIZED_AUTOS = YES_AGGRESSIVE;
				GCC_WARN_UNUSED_FUNCTION = YES;
				GCC_WARN_UNUSED_VARIABLE = YES;
				IPHONEOS_DEPLOYMENT_TARGET = 8.4;
				MTL_ENABLE_DEBUG_INFO = YES;
				ONLY_ACTIVE_ARCH = YES;
				SDKROOT = iphoneos;
				TARGETED_DEVICE_FAMILY = "1,2";
			};
			name = Debug;
		};
		19791AAA1C290FCF00E3B2A6 /* Release */ = {
			isa = XCBuildConfiguration;
			buildSettings = {
				ALWAYS_SEARCH_USER_PATHS = NO;
				CLANG_CXX_LANGUAGE_STANDARD = "gnu++0x";
				CLANG_CXX_LIBRARY = "libc++";
				CLANG_ENABLE_MODULES = YES;
				CLANG_ENABLE_OBJC_ARC = YES;
				CLANG_WARN_BOOL_CONVERSION = YES;
				CLANG_WARN_CONSTANT_CONVERSION = YES;
				CLANG_WARN_DIRECT_OBJC_ISA_USAGE = YES_ERROR;
				CLANG_WARN_EMPTY_BODY = YES;
				CLANG_WARN_ENUM_CONVERSION = YES;
				CLANG_WARN_INT_CONVERSION = YES;
				CLANG_WARN_OBJC_ROOT_CLASS = YES_ERROR;
				CLANG_WARN_UNREACHABLE_CODE = YES;
				CLANG_WARN__DUPLICATE_METHOD_MATCH = YES;
				"CODE_SIGN_IDENTITY[sdk=iphoneos*]" = "iPhone Developer";
				COPY_PHASE_STRIP = NO;
				DEBUG_INFORMATION_FORMAT = "dwarf-with-dsym";
				ENABLE_NS_ASSERTIONS = NO;
				ENABLE_STRICT_OBJC_MSGSEND = YES;
				GCC_C_LANGUAGE_STANDARD = gnu99;
				GCC_NO_COMMON_BLOCKS = YES;
				GCC_WARN_64_TO_32_BIT_CONVERSION = YES;
				GCC_WARN_ABOUT_RETURN_TYPE = YES_ERROR;
				GCC_WARN_UNDECLARED_SELECTOR = YES;
				GCC_WARN_UNINITIALIZED_AUTOS = YES_AGGRESSIVE;
				GCC_WARN_UNUSED_FUNCTION = YES;
				GCC_WARN_UNUSED_VARIABLE = YES;
				IPHONEOS_DEPLOYMENT_TARGET = 8.4;
				MTL_ENABLE_DEBUG_INFO = NO;
				SDKROOT = iphoneos;
				TARGETED_DEVICE_FAMILY = "1,2";
				VALIDATE_PRODUCT = YES;
			};
			name = Release;
		};
		19791AAC1C290FCF00E3B2A6 /* Debug */ = {
			isa = XCBuildConfiguration;
			buildSettings = {
				ASSETCATALOG_COMPILER_APPICON_NAME = AppIcon;
				INFOPLIST_FILE = Asn2/Info.plist;
				LD_RUNPATH_SEARCH_PATHS = "$(inherited) @executable_path/Frameworks";
				PRODUCT_NAME = "$(TARGET_NAME)";
			};
			name = Debug;
		};
		19791AAD1C290FCF00E3B2A6 /* Release */ = {
			isa = XCBuildConfiguration;
			buildSettings = {
				ASSETCATALOG_COMPILER_APPICON_NAME = AppIcon;
				INFOPLIST_FILE = Asn2/Info.plist;
				LD_RUNPATH_SEARCH_PATHS = "$(inherited) @executable_path/Frameworks";
				PRODUCT_NAME = "$(TARGET_NAME)";
			};
			name = Release;
		};
		19791AAF1C290FCF00E3B2A6 /* Debug */ = {
			isa = XCBuildConfiguration;
			buildSettings = {
				BUNDLE_LOADER = "$(TEST_HOST)";
				FRAMEWORK_SEARCH_PATHS = (
					"$(SDKROOT)/Developer/Library/Frameworks",
					"$(inherited)",
				);
				GCC_PREPROCESSOR_DEFINITIONS = (
					"DEBUG=1",
					"$(inherited)",
				);
				INFOPLIST_FILE = Asn2Tests/Info.plist;
				LD_RUNPATH_SEARCH_PATHS = "$(inherited) @executable_path/Frameworks @loader_path/Frameworks";
				PRODUCT_NAME = "$(TARGET_NAME)";
				TEST_HOST = "$(BUILT_PRODUCTS_DIR)/Asn2.app/Asn2";
			};
			name = Debug;
		};
		19791AB01C290FCF00E3B2A6 /* Release */ = {
			isa = XCBuildConfiguration;
			buildSettings = {
				BUNDLE_LOADER = "$(TEST_HOST)";
				FRAMEWORK_SEARCH_PATHS = (
					"$(SDKROOT)/Developer/Library/Frameworks",
					"$(inherited)",
				);
				INFOPLIST_FILE = Asn2Tests/Info.plist;
				LD_RUNPATH_SEARCH_PATHS = "$(inherited) @executable_path/Frameworks @loader_path/Frameworks";
				PRODUCT_NAME = "$(TARGET_NAME)";
				TEST_HOST = "$(BUILT_PRODUCTS_DIR)/Asn2.app/Asn2";
			};
			name = Release;
		};
/* End XCBuildConfiguration section */

/* Begin XCConfigurationList section */
		19791A801C290FCF00E3B2A6 /* Build configuration list for PBXProject "Asn2" */ = {
			isa = XCConfigurationList;
			buildConfigurations = (
				19791AA91C290FCF00E3B2A6 /* Debug */,
				19791AAA1C290FCF00E3B2A6 /* Release */,
			);
			defaultConfigurationIsVisible = 0;
			defaultConfigurationName = Release;
		};
		19791AAB1C290FCF00E3B2A6 /* Build configuration list for PBXNativeTarget "Asn2" */ = {
			isa = XCConfigurationList;
			buildConfigurations = (
				19791AAC1C290FCF00E3B2A6 /* Debug */,
				19791AAD1C290FCF00E3B2A6 /* Release */,
			);
			defaultConfigurationIsVisible = 0;
			defaultConfigurationName = Release;
		};
		19791AAE1C290FCF00E3B2A6 /* Build configuration list for PBXNativeTarget "Asn2Tests" */ = {
			isa = XCConfigurationList;
			buildConfigurations = (
				19791AAF1C290FCF00E3B2A6 /* Debug */,
				19791AB01C290FCF00E3B2A6 /* Release */,
			);
			defaultConfigurationIsVisible = 0;
			defaultConfigurationName = Release;
		};
/* End XCConfigurationList section */

/* Begin XCVersionGroup section */
		19791A8F1C290FCF00E3B2A6 /* Asn2.xcdatamodeld */ = {
			isa = XCVersionGroup;
			children = (
				19791A901C290FCF00E3B2A6 /* Asn2.xcdatamodel */,
			);
			currentVersion = 19791A901C290FCF00E3B2A6 /* Asn2.xcdatamodel */;
			path = Asn2.xcdatamodeld;
			sourceTree = "<group>";
			versionGroupType = wrapper.xcdatamodel;
		};
/* End XCVersionGroup section */
	};
	rootObject = 19791A7D1C290FCF00E3B2A6 /* Project object */;
}
